
Microsoft Visual Studio Solution File, Format Version 12.00
# Visual Studio Version 17
VisualStudioVersion = 17.3.32929.385
MinimumVisualStudioVersion = 10.0.40219.1
Project("{FAE04EC0-301F-11D3-BF4B-00C04F79EFBC}") = "MatrixTrace", "MatrixTrace.csproj", "{1FC271AE-F8D1-4165-99D4-3503572E2A62}"
EndProject
Project("{FAE04EC0-301F-11D3-BF4B-00C04F79EFBC}") = "MatrixTest", "..\MatrixTest\MatrixTest.csproj", "{9F96197B-7391-4D39-947D-3D97C90DB326}"
EndProject
Global
	GlobalSection(SolutionConfigurationPlatforms) = preSolution
		Debug|Any CPU = Debug|Any CPU
		Release|Any CPU = Release|Any CPU
	EndGlobalSection
	GlobalSection(ProjectConfigurationPlatforms) = postSolution
		{1FC271AE-F8D1-4165-99D4-3503572E2A62}.Debug|Any CPU.ActiveCfg = Debug|Any CPU
		{1FC271AE-F8D1-4165-99D4-3503572E2A62}.Debug|Any CPU.Build.0 = Debug|Any CPU
		{1FC271AE-F8D1-4165-99D4-3503572E2A62}.Release|Any CPU.ActiveCfg = Release|Any CPU
		{1FC271AE-F8D1-4165-99D4-3503572E2A62}.Release|Any CPU.Build.0 = Release|Any CPU
		{9F96197B-7391-4D39-947D-3D97C90DB326}.Debug|Any CPU.ActiveCfg = Debug|Any CPU
		{9F96197B-7391-4D39-947D-3D97C90DB326}.Debug|Any CPU.Build.0 = Debug|Any CPU
		{9F96197B-7391-4D39-947D-3D97C90DB326}.Release|Any CPU.ActiveCfg = Release|Any CPU
		{9F96197B-7391-4D39-947D-3D97C90DB326}.Release|Any CPU.Build.0 = Release|Any CPU
	EndGlobalSection
	GlobalSection(SolutionProperties) = preSolution
		HideSolutionNode = FALSE
	EndGlobalSection
	GlobalSection(ExtensibilityGlobals) = postSolution
		SolutionGuid = {0C1D3631-4C07-4B3A-A361-7FF88C3F96FA}
	EndGlobalSection
EndGlobal
